// !$*UTF8*$!
{
	archiveVersion = 1;
	classes = {
	};
	objectVersion = 56;
	objects = {

/* Begin PBXBuildFile section */
		C158F6632A5CA65200A9388C /* ChefDeliveryApp.swift in Sources */ = {isa = PBXBuildFile; fileRef = C158F6622A5CA65200A9388C /* ChefDeliveryApp.swift */; };
		C158F6652A5CA65200A9388C /* ContentView.swift in Sources */ = {isa = PBXBuildFile; fileRef = C158F6642A5CA65200A9388C /* ContentView.swift */; };
		C158F6672A5CA65400A9388C /* Assets.xcassets in Resources */ = {isa = PBXBuildFile; fileRef = C158F6662A5CA65400A9388C /* Assets.xcassets */; };
		C158F66A2A5CA65400A9388C /* Preview Assets.xcassets in Resources */ = {isa = PBXBuildFile; fileRef = C158F6692A5CA65400A9388C /* Preview Assets.xcassets */; };
		C158F6732A5CD2C000A9388C /* NavigationBar.swift in Sources */ = {isa = PBXBuildFile; fileRef = C158F6722A5CD2C000A9388C /* NavigationBar.swift */; };
		C158F6762A5CD69E00A9388C /* OrderTypeGridView.swift in Sources */ = {isa = PBXBuildFile; fileRef = C158F6752A5CD69E00A9388C /* OrderTypeGridView.swift */; };
		C158F6792A5DC81700A9388C /* OrderType.swift in Sources */ = {isa = PBXBuildFile; fileRef = C158F6782A5DC81700A9388C /* OrderType.swift */; };
		C158F67B2A5DCAA000A9388C /* DataSourceMock.swift in Sources */ = {isa = PBXBuildFile; fileRef = C158F67A2A5DCAA000A9388C /* DataSourceMock.swift */; };
		C158F67F2A5DF75C00A9388C /* OrderTypeView.swift in Sources */ = {isa = PBXBuildFile; fileRef = C158F67E2A5DF75C00A9388C /* OrderTypeView.swift */; };
		C158F6822A623FF900A9388C /* CarouselItemView.swift in Sources */ = {isa = PBXBuildFile; fileRef = C158F6812A623FF900A9388C /* CarouselItemView.swift */; };
		C158F6842A6241C200A9388C /* CarouselTabView.swift in Sources */ = {isa = PBXBuildFile; fileRef = C158F6832A6241C200A9388C /* CarouselTabView.swift */; };
		C158F6872A62462B00A9388C /* StoreItemView.swift in Sources */ = {isa = PBXBuildFile; fileRef = C158F6862A62462B00A9388C /* StoreItemView.swift */; };
		C158F6892A67132600A9388C /* StoresContainerView.swift in Sources */ = {isa = PBXBuildFile; fileRef = C158F6882A67132600A9388C /* StoresContainerView.swift */; };
		C158F6B52A703AE300A9388C /* StoreDetailView.swift in Sources */ = {isa = PBXBuildFile; fileRef = C158F6B42A703AE300A9388C /* StoreDetailView.swift */; };
		C158F6B92A70451300A9388C /* StoreType.swift in Sources */ = {isa = PBXBuildFile; fileRef = C158F6B82A70451300A9388C /* StoreType.swift */; };
		C158F6BB2A7045BC00A9388C /* ProductType.swift in Sources */ = {isa = PBXBuildFile; fileRef = C158F6BA2A7045BC00A9388C /* ProductType.swift */; };
		C158F6BE2A719E9100A9388C /* Double+.swift in Sources */ = {isa = PBXBuildFile; fileRef = C158F6BD2A719E9100A9388C /* Double+.swift */; };
		C158F6C12A71B9B400A9388C /* ProductDetailView.swift in Sources */ = {isa = PBXBuildFile; fileRef = C158F6C02A71B9B400A9388C /* ProductDetailView.swift */; };
		C1DBC7302A744A22007DD163 /* StoreDetailHeaderView.swift in Sources */ = {isa = PBXBuildFile; fileRef = C1DBC72F2A744A22007DD163 /* StoreDetailHeaderView.swift */; };
		C1DBC7322A744C5A007DD163 /* StoreDetailProductsView.swift in Sources */ = {isa = PBXBuildFile; fileRef = C1DBC7312A744C5A007DD163 /* StoreDetailProductsView.swift */; };
		C1DBC7342A745007007DD163 /* StoreDetailProductItemView.swift in Sources */ = {isa = PBXBuildFile; fileRef = C1DBC7332A745007007DD163 /* StoreDetailProductItemView.swift */; };
/* End PBXBuildFile section */

/* Begin PBXFileReference section */
		C158F65F2A5CA65200A9388C /* ChefDelivery.app */ = {isa = PBXFileReference; explicitFileType = wrapper.application; includeInIndex = 0; path = ChefDelivery.app; sourceTree = BUILT_PRODUCTS_DIR; };
		C158F6622A5CA65200A9388C /* ChefDeliveryApp.swift */ = {isa = PBXFileReference; lastKnownFileType = sourcecode.swift; path = ChefDeliveryApp.swift; sourceTree = "<group>"; };
		C158F6642A5CA65200A9388C /* ContentView.swift */ = {isa = PBXFileReference; lastKnownFileType = sourcecode.swift; path = ContentView.swift; sourceTree = "<group>"; };
		C158F6662A5CA65400A9388C /* Assets.xcassets */ = {isa = PBXFileReference; lastKnownFileType = folder.assetcatalog; path = Assets.xcassets; sourceTree = "<group>"; };
		C158F6692A5CA65400A9388C /* Preview Assets.xcassets */ = {isa = PBXFileReference; lastKnownFileType = folder.assetcatalog; path = "Preview Assets.xcassets"; sourceTree = "<group>"; };
		C158F6722A5CD2C000A9388C /* NavigationBar.swift */ = {isa = PBXFileReference; lastKnownFileType = sourcecode.swift; path = NavigationBar.swift; sourceTree = "<group>"; };
		C158F6752A5CD69E00A9388C /* OrderTypeGridView.swift */ = {isa = PBXFileReference; lastKnownFileType = sourcecode.swift; path = OrderTypeGridView.swift; sourceTree = "<group>"; };
		C158F6782A5DC81700A9388C /* OrderType.swift */ = {isa = PBXFileReference; lastKnownFileType = sourcecode.swift; path = OrderType.swift; sourceTree = "<group>"; };
		C158F67A2A5DCAA000A9388C /* DataSourceMock.swift */ = {isa = PBXFileReference; lastKnownFileType = sourcecode.swift; path = DataSourceMock.swift; sourceTree = "<group>"; };
		C158F67E2A5DF75C00A9388C /* OrderTypeView.swift */ = {isa = PBXFileReference; lastKnownFileType = sourcecode.swift; path = OrderTypeView.swift; sourceTree = "<group>"; };
		C158F6812A623FF900A9388C /* CarouselItemView.swift */ = {isa = PBXFileReference; lastKnownFileType = sourcecode.swift; path = CarouselItemView.swift; sourceTree = "<group>"; };
		C158F6832A6241C200A9388C /* CarouselTabView.swift */ = {isa = PBXFileReference; lastKnownFileType = sourcecode.swift; path = CarouselTabView.swift; sourceTree = "<group>"; };
		C158F6862A62462B00A9388C /* StoreItemView.swift */ = {isa = PBXFileReference; lastKnownFileType = sourcecode.swift; path = StoreItemView.swift; sourceTree = "<group>"; };
		C158F6882A67132600A9388C /* StoresContainerView.swift */ = {isa = PBXFileReference; lastKnownFileType = sourcecode.swift; path = StoresContainerView.swift; sourceTree = "<group>"; };
		C158F6B42A703AE300A9388C /* StoreDetailView.swift */ = {isa = PBXFileReference; lastKnownFileType = sourcecode.swift; path = StoreDetailView.swift; sourceTree = "<group>"; };
		C158F6B82A70451300A9388C /* StoreType.swift */ = {isa = PBXFileReference; lastKnownFileType = sourcecode.swift; path = StoreType.swift; sourceTree = "<group>"; };
		C158F6BA2A7045BC00A9388C /* ProductType.swift */ = {isa = PBXFileReference; lastKnownFileType = sourcecode.swift; path = ProductType.swift; sourceTree = "<group>"; };
		C158F6BD2A719E9100A9388C /* Double+.swift */ = {isa = PBXFileReference; lastKnownFileType = sourcecode.swift; path = "Double+.swift"; sourceTree = "<group>"; };
		C158F6C02A71B9B400A9388C /* ProductDetailView.swift */ = {isa = PBXFileReference; lastKnownFileType = sourcecode.swift; path = ProductDetailView.swift; sourceTree = "<group>"; };
		C1DBC72F2A744A22007DD163 /* StoreDetailHeaderView.swift */ = {isa = PBXFileReference; lastKnownFileType = sourcecode.swift; path = StoreDetailHeaderView.swift; sourceTree = "<group>"; };
		C1DBC7312A744C5A007DD163 /* StoreDetailProductsView.swift */ = {isa = PBXFileReference; lastKnownFileType = sourcecode.swift; path = StoreDetailProductsView.swift; sourceTree = "<group>"; };
		C1DBC7332A745007007DD163 /* StoreDetailProductItemView.swift */ = {isa = PBXFileReference; lastKnownFileType = sourcecode.swift; path = StoreDetailProductItemView.swift; sourceTree = "<group>"; };
/* End PBXFileReference section */

/* Begin PBXFrameworksBuildPhase section */
		C158F65C2A5CA65200A9388C /* Frameworks */ = {
			isa = PBXFrameworksBuildPhase;
			buildActionMask = 2147483647;
			files = (
			);
			runOnlyForDeploymentPostprocessing = 0;
		};
/* End PBXFrameworksBuildPhase section */

/* Begin PBXGroup section */
		C158F6562A5CA65200A9388C = {
			isa = PBXGroup;
			children = (
				C158F6612A5CA65200A9388C /* ChefDelivery */,
				C158F6602A5CA65200A9388C /* Products */,
			);
			sourceTree = "<group>";
		};
		C158F6602A5CA65200A9388C /* Products */ = {
			isa = PBXGroup;
			children = (
				C158F65F2A5CA65200A9388C /* ChefDelivery.app */,
			);
			name = Products;
			sourceTree = "<group>";
		};
		C158F6612A5CA65200A9388C /* ChefDelivery */ = {
			isa = PBXGroup;
			children = (
				C158F6BF2A71B96A00A9388C /* ProductView */,
				C158F6BC2A719E7500A9388C /* Extension */,
				C158F6702A5CD17F00A9388C /* App */,
				C158F6772A5DC7CD00A9388C /* Model */,
				C158F6712A5CD1A700A9388C /* NavigationBar */,
				C158F6742A5CD5F600A9388C /* GridView */,
				C158F6802A623F4300A9388C /* CarouselView */,
				C158F6852A6245C300A9388C /* StoresView */,
				C158F6662A5CA65400A9388C /* Assets.xcassets */,
				C158F6682A5CA65400A9388C /* Preview Content */,
			);
			path = ChefDelivery;
			sourceTree = "<group>";
		};
		C158F6682A5CA65400A9388C /* Preview Content */ = {
			isa = PBXGroup;
			children = (
				C158F6692A5CA65400A9388C /* Preview Assets.xcassets */,
			);
			path = "Preview Content";
			sourceTree = "<group>";
		};
		C158F6702A5CD17F00A9388C /* App */ = {
			isa = PBXGroup;
			children = (
				C158F6622A5CA65200A9388C /* ChefDeliveryApp.swift */,
				C158F6642A5CA65200A9388C /* ContentView.swift */,
			);
			path = App;
			sourceTree = "<group>";
		};
		C158F6712A5CD1A700A9388C /* NavigationBar */ = {
			isa = PBXGroup;
			children = (
				C158F6722A5CD2C000A9388C /* NavigationBar.swift */,
			);
			path = NavigationBar;
			sourceTree = "<group>";
		};
		C158F6742A5CD5F600A9388C /* GridView */ = {
			isa = PBXGroup;
			children = (
				C158F6752A5CD69E00A9388C /* OrderTypeGridView.swift */,
				C158F67E2A5DF75C00A9388C /* OrderTypeView.swift */,
			);
			path = GridView;
			sourceTree = "<group>";
		};
		C158F6772A5DC7CD00A9388C /* Model */ = {
			isa = PBXGroup;
			children = (
				C158F6782A5DC81700A9388C /* OrderType.swift */,
				C158F67A2A5DCAA000A9388C /* DataSourceMock.swift */,
				C158F6B82A70451300A9388C /* StoreType.swift */,
				C158F6BA2A7045BC00A9388C /* ProductType.swift */,
			);
			path = Model;
			sourceTree = "<group>";
		};
		C158F6802A623F4300A9388C /* CarouselView */ = {
			isa = PBXGroup;
			children = (
				C158F6812A623FF900A9388C /* CarouselItemView.swift */,
				C158F6832A6241C200A9388C /* CarouselTabView.swift */,
			);
			path = CarouselView;
			sourceTree = "<group>";
		};
		C158F6852A6245C300A9388C /* StoresView */ = {
			isa = PBXGroup;
			children = (
				C1DBC72E2A7449EC007DD163 /* StoreDetailView */,
				C158F6862A62462B00A9388C /* StoreItemView.swift */,
				C158F6882A67132600A9388C /* StoresContainerView.swift */,
			);
			path = StoresView;
			sourceTree = "<group>";
		};
		C158F6BC2A719E7500A9388C /* Extension */ = {
			isa = PBXGroup;
			children = (
				C158F6BD2A719E9100A9388C /* Double+.swift */,
			);
			path = Extension;
			sourceTree = "<group>";
		};
		C158F6BF2A71B96A00A9388C /* ProductView */ = {
			isa = PBXGroup;
			children = (
				C158F6C02A71B9B400A9388C /* ProductDetailView.swift */,
			);
			path = ProductView;
			sourceTree = "<group>";
		};
		C1DBC72E2A7449EC007DD163 /* StoreDetailView */ = {
			isa = PBXGroup;
			children = (
				C158F6B42A703AE300A9388C /* StoreDetailView.swift */,
				C1DBC7332A745007007DD163 /* StoreDetailProductItemView.swift */,
				C1DBC72F2A744A22007DD163 /* StoreDetailHeaderView.swift */,
				C1DBC7312A744C5A007DD163 /* StoreDetailProductsView.swift */,
			);
			path = StoreDetailView;
			sourceTree = "<group>";
		};
/* End PBXGroup section */

/* Begin PBXNativeTarget section */
		C158F65E2A5CA65200A9388C /* ChefDelivery */ = {
			isa = PBXNativeTarget;
			buildConfigurationList = C158F66D2A5CA65400A9388C /* Build configuration list for PBXNativeTarget "ChefDelivery" */;
			buildPhases = (
				C158F65B2A5CA65200A9388C /* Sources */,
				C158F65C2A5CA65200A9388C /* Frameworks */,
				C158F65D2A5CA65200A9388C /* Resources */,
			);
			buildRules = (
			);
			dependencies = (
			);
			name = ChefDelivery;
			productName = ChefDelivery;
			productReference = C158F65F2A5CA65200A9388C /* ChefDelivery.app */;
			productType = "com.apple.product-type.application";
		};
/* End PBXNativeTarget section */

/* Begin PBXProject section */
		C158F6572A5CA65200A9388C /* Project object */ = {
			isa = PBXProject;
			attributes = {
				BuildIndependentTargetsInParallel = 1;
				LastSwiftUpdateCheck = 1430;
				LastUpgradeCheck = 1430;
				TargetAttributes = {
					C158F65E2A5CA65200A9388C = {
						CreatedOnToolsVersion = 14.3.1;
					};
				};
			};
			buildConfigurationList = C158F65A2A5CA65200A9388C /* Build configuration list for PBXProject "ChefDelivery" */;
			compatibilityVersion = "Xcode 14.0";
			developmentRegion = en;
			hasScannedForEncodings = 0;
			knownRegions = (
				en,
				Base,
			);
			mainGroup = C158F6562A5CA65200A9388C;
			productRefGroup = C158F6602A5CA65200A9388C /* Products */;
			projectDirPath = "";
			projectRoot = "";
			targets = (
				C158F65E2A5CA65200A9388C /* ChefDelivery */,
			);
		};
/* End PBXProject section */

/* Begin PBXResourcesBuildPhase section */
		C158F65D2A5CA65200A9388C /* Resources */ = {
			isa = PBXResourcesBuildPhase;
			buildActionMask = 2147483647;
			files = (
				C158F66A2A5CA65400A9388C /* Preview Assets.xcassets in Resources */,
				C158F6672A5CA65400A9388C /* Assets.xcassets in Resources */,
			);
			runOnlyForDeploymentPostprocessing = 0;
		};
/* End PBXResourcesBuildPhase section */

/* Begin PBXSourcesBuildPhase section */
		C158F65B2A5CA65200A9388C /* Sources */ = {
			isa = PBXSourcesBuildPhase;
			buildActionMask = 2147483647;
			files = (
				C158F6792A5DC81700A9388C /* OrderType.swift in Sources */,
				C158F6C12A71B9B400A9388C /* ProductDetailView.swift in Sources */,
				C158F6BB2A7045BC00A9388C /* ProductType.swift in Sources */,
				C158F6822A623FF900A9388C /* CarouselItemView.swift in Sources */,
				C158F6652A5CA65200A9388C /* ContentView.swift in Sources */,
				C158F6BE2A719E9100A9388C /* Double+.swift in Sources */,
				C158F67B2A5DCAA000A9388C /* DataSourceMock.swift in Sources */,
				C158F6892A67132600A9388C /* StoresContainerView.swift in Sources */,
				C158F67F2A5DF75C00A9388C /* OrderTypeView.swift in Sources */,
				C158F6872A62462B00A9388C /* StoreItemView.swift in Sources */,
				C158F6B52A703AE300A9388C /* StoreDetailView.swift in Sources */,
				C158F6762A5CD69E00A9388C /* OrderTypeGridView.swift in Sources */,
				C158F6632A5CA65200A9388C /* ChefDeliveryApp.swift in Sources */,
				C158F6732A5CD2C000A9388C /* NavigationBar.swift in Sources */,
				C158F6B92A70451300A9388C /* StoreType.swift in Sources */,
				C1DBC7322A744C5A007DD163 /* StoreDetailProductsView.swift in Sources */,
				C158F6842A6241C200A9388C /* CarouselTabView.swift in Sources */,
				C1DBC7342A745007007DD163 /* StoreDetailProductItemView.swift in Sources */,
				C1DBC7302A744A22007DD163 /* StoreDetailHeaderView.swift in Sources */,
			);
			runOnlyForDeploymentPostprocessing = 0;
		};
/* End PBXSourcesBuildPhase section */

/* Begin XCBuildConfiguration section */
		C158F66B2A5CA65400A9388C /* Debug */ = {
			isa = XCBuildConfiguration;
			buildSettings = {
				ALWAYS_SEARCH_USER_PATHS = NO;
				CLANG_ANALYZER_NONNULL = YES;
				CLANG_ANALYZER_NUMBER_OBJECT_CONVERSION = YES_AGGRESSIVE;
				CLANG_CXX_LANGUAGE_STANDARD = "gnu++20";
				CLANG_ENABLE_MODULES = YES;
				CLANG_ENABLE_OBJC_ARC = YES;
				CLANG_ENABLE_OBJC_WEAK = YES;
				CLANG_WARN_BLOCK_CAPTURE_AUTORELEASING = YES;
				CLANG_WARN_BOOL_CONVERSION = YES;
				CLANG_WARN_COMMA = YES;
				CLANG_WARN_CONSTANT_CONVERSION = YES;
				CLANG_WARN_DEPRECATED_OBJC_IMPLEMENTATIONS = YES;
				CLANG_WARN_DIRECT_OBJC_ISA_USAGE = YES_ERROR;
				CLANG_WARN_DOCUMENTATION_COMMENTS = YES;
				CLANG_WARN_EMPTY_BODY = YES;
				CLANG_WARN_ENUM_CONVERSION = YES;
				CLANG_WARN_INFINITE_RECURSION = YES;
				CLANG_WARN_INT_CONVERSION = YES;
				CLANG_WARN_NON_LITERAL_NULL_CONVERSION = YES;
				CLANG_WARN_OBJC_IMPLICIT_RETAIN_SELF = YES;
				CLANG_WARN_OBJC_LITERAL_CONVERSION = YES;
				CLANG_WARN_OBJC_ROOT_CLASS = YES_ERROR;
				CLANG_WARN_QUOTED_INCLUDE_IN_FRAMEWORK_HEADER = YES;
				CLANG_WARN_RANGE_LOOP_ANALYSIS = YES;
				CLANG_WARN_STRICT_PROTOTYPES = YES;
				CLANG_WARN_SUSPICIOUS_MOVE = YES;
				CLANG_WARN_UNGUARDED_AVAILABILITY = YES_AGGRESSIVE;
				CLANG_WARN_UNREACHABLE_CODE = YES;
				CLANG_WARN__DUPLICATE_METHOD_MATCH = YES;
				COPY_PHASE_STRIP = NO;
				DEBUG_INFORMATION_FORMAT = dwarf;
				ENABLE_STRICT_OBJC_MSGSEND = YES;
				ENABLE_TESTABILITY = YES;
				GCC_C_LANGUAGE_STANDARD = gnu11;
				GCC_DYNAMIC_NO_PIC = NO;
				GCC_NO_COMMON_BLOCKS = YES;
				GCC_OPTIMIZATION_LEVEL = 0;
				GCC_PREPROCESSOR_DEFINITIONS = (
					"DEBUG=1",
					"$(inherited)",
				);
				GCC_WARN_64_TO_32_BIT_CONVERSION = YES;
				GCC_WARN_ABOUT_RETURN_TYPE = YES_ERROR;
				GCC_WARN_UNDECLARED_SELECTOR = YES;
				GCC_WARN_UNINITIALIZED_AUTOS = YES_AGGRESSIVE;
				GCC_WARN_UNUSED_FUNCTION = YES;
				GCC_WARN_UNUSED_VARIABLE = YES;
				IPHONEOS_DEPLOYMENT_TARGET = 16.4;
				MTL_ENABLE_DEBUG_INFO = INCLUDE_SOURCE;
				MTL_FAST_MATH = YES;
				ONLY_ACTIVE_ARCH = YES;
				SDKROOT = iphoneos;
				SWIFT_ACTIVE_COMPILATION_CONDITIONS = DEBUG;
				SWIFT_OPTIMIZATION_LEVEL = "-Onone";
			};
			name = Debug;
		};
		C158F66C2A5CA65400A9388C /* Release */ = {
			isa = XCBuildConfiguration;
			buildSettings = {
				ALWAYS_SEARCH_USER_PATHS = NO;
				CLANG_ANALYZER_NONNULL = YES;
				CLANG_ANALYZER_NUMBER_OBJECT_CONVERSION = YES_AGGRESSIVE;
				CLANG_CXX_LANGUAGE_STANDARD = "gnu++20";
				CLANG_ENABLE_MODULES = YES;
				CLANG_ENABLE_OBJC_ARC = YES;
				CLANG_ENABLE_OBJC_WEAK = YES;
				CLANG_WARN_BLOCK_CAPTURE_AUTORELEASING = YES;
				CLANG_WARN_BOOL_CONVERSION = YES;
				CLANG_WARN_COMMA = YES;
				CLANG_WARN_CONSTANT_CONVERSION = YES;
				CLANG_WARN_DEPRECATED_OBJC_IMPLEMENTATIONS = YES;
				CLANG_WARN_DIRECT_OBJC_ISA_USAGE = YES_ERROR;
				CLANG_WARN_DOCUMENTATION_COMMENTS = YES;
				CLANG_WARN_EMPTY_BODY = YES;
				CLANG_WARN_ENUM_CONVERSION = YES;
				CLANG_WARN_INFINITE_RECURSION = YES;
				CLANG_WARN_INT_CONVERSION = YES;
				CLANG_WARN_NON_LITERAL_NULL_CONVERSION = YES;
				CLANG_WARN_OBJC_IMPLICIT_RETAIN_SELF = YES;
				CLANG_WARN_OBJC_LITERAL_CONVERSION = YES;
				CLANG_WARN_OBJC_ROOT_CLASS = YES_ERROR;
				CLANG_WARN_QUOTED_INCLUDE_IN_FRAMEWORK_HEADER = YES;
				CLANG_WARN_RANGE_LOOP_ANALYSIS = YES;
				CLANG_WARN_STRICT_PROTOTYPES = YES;
				CLANG_WARN_SUSPICIOUS_MOVE = YES;
				CLANG_WARN_UNGUARDED_AVAILABILITY = YES_AGGRESSIVE;
				CLANG_WARN_UNREACHABLE_CODE = YES;
				CLANG_WARN__DUPLICATE_METHOD_MATCH = YES;
				COPY_PHASE_STRIP = NO;
				DEBUG_INFORMATION_FORMAT = "dwarf-with-dsym";
				ENABLE_NS_ASSERTIONS = NO;
				ENABLE_STRICT_OBJC_MSGSEND = YES;
				GCC_C_LANGUAGE_STANDARD = gnu11;
				GCC_NO_COMMON_BLOCKS = YES;
				GCC_WARN_64_TO_32_BIT_CONVERSION = YES;
				GCC_WARN_ABOUT_RETURN_TYPE = YES_ERROR;
				GCC_WARN_UNDECLARED_SELECTOR = YES;
				GCC_WARN_UNINITIALIZED_AUTOS = YES_AGGRESSIVE;
				GCC_WARN_UNUSED_FUNCTION = YES;
				GCC_WARN_UNUSED_VARIABLE = YES;
				IPHONEOS_DEPLOYMENT_TARGET = 16.4;
				MTL_ENABLE_DEBUG_INFO = NO;
				MTL_FAST_MATH = YES;
				SDKROOT = iphoneos;
				SWIFT_COMPILATION_MODE = wholemodule;
				SWIFT_OPTIMIZATION_LEVEL = "-O";
				VALIDATE_PRODUCT = YES;
			};
			name = Release;
		};
		C158F66E2A5CA65400A9388C /* Debug */ = {
			isa = XCBuildConfiguration;
			buildSettings = {
				ASSETCATALOG_COMPILER_APPICON_NAME = AppIcon;
				ASSETCATALOG_COMPILER_GLOBAL_ACCENT_COLOR_NAME = AccentColor;
				CODE_SIGN_STYLE = Automatic;
				CURRENT_PROJECT_VERSION = 1;
				DEVELOPMENT_ASSET_PATHS = "\"ChefDelivery/Preview Content\"";
				ENABLE_PREVIEWS = YES;
				GENERATE_INFOPLIST_FILE = YES;
				INFOPLIST_KEY_UIApplicationSceneManifest_Generation = YES;
				INFOPLIST_KEY_UIApplicationSupportsIndirectInputEvents = YES;
				INFOPLIST_KEY_UILaunchScreen_Generation = YES;
				INFOPLIST_KEY_UISupportedInterfaceOrientations_iPad = "UIInterfaceOrientationPortrait UIInterfaceOrientationPortraitUpsideDown UIInterfaceOrientationLandscapeLeft UIInterfaceOrientationLandscapeRight";
				INFOPLIST_KEY_UISupportedInterfaceOrientations_iPhone = "UIInterfaceOrientationPortrait UIInterfaceOrientationLandscapeLeft UIInterfaceOrientationLandscapeRight";
				LD_RUNPATH_SEARCH_PATHS = (
					"$(inherited)",
					"@executable_path/Frameworks",
				);
				MARKETING_VERSION = 1.0;
				PRODUCT_BUNDLE_IDENTIFIER = br.com.alura.ChefDelivery;
				PRODUCT_NAME = "$(TARGET_NAME)";
				SWIFT_EMIT_LOC_STRINGS = YES;
				SWIFT_VERSION = 5.0;
				TARGETED_DEVICE_FAMILY = "1,2";
			};
			name = Debug;
		};
		C158F66F2A5CA65400A9388C /* Release */ = {
			isa = XCBuildConfiguration;
			buildSettings = {
				ASSETCATALOG_COMPILER_APPICON_NAME = AppIcon;
				ASSETCATALOG_COMPILER_GLOBAL_ACCENT_COLOR_NAME = AccentColor;
				CODE_SIGN_STYLE = Automatic;
				CURRENT_PROJECT_VERSION = 1;
				DEVELOPMENT_ASSET_PATHS = "\"ChefDelivery/Preview Content\"";
				ENABLE_PREVIEWS = YES;
				GENERATE_INFOPLIST_FILE = YES;
				INFOPLIST_KEY_UIApplicationSceneManifest_Generation = YES;
				INFOPLIST_KEY_UIApplicationSupportsIndirectInputEvents = YES;
				INFOPLIST_KEY_UILaunchScreen_Generation = YES;
				INFOPLIST_KEY_UISupportedInterfaceOrientations_iPad = "UIInterfaceOrientationPortrait UIInterfaceOrientationPortraitUpsideDown UIInterfaceOrientationLandscapeLeft UIInterfaceOrientationLandscapeRight";
				INFOPLIST_KEY_UISupportedInterfaceOrientations_iPhone = "UIInterfaceOrientationPortrait UIInterfaceOrientationLandscapeLeft UIInterfaceOrientationLandscapeRight";
				LD_RUNPATH_SEARCH_PATHS = (
					"$(inherited)",
					"@executable_path/Frameworks",
				);
				MARKETING_VERSION = 1.0;
				PRODUCT_BUNDLE_IDENTIFIER = br.com.alura.ChefDelivery;
				PRODUCT_NAME = "$(TARGET_NAME)";
				SWIFT_EMIT_LOC_STRINGS = YES;
				SWIFT_VERSION = 5.0;
				TARGETED_DEVICE_FAMILY = "1,2";
			};
			name = Release;
		};
/* End XCBuildConfiguration section */

/* Begin XCConfigurationList section */
		C158F65A2A5CA65200A9388C /* Build configuration list for PBXProject "ChefDelivery" */ = {
			isa = XCConfigurationList;
			buildConfigurations = (
				C158F66B2A5CA65400A9388C /* Debug */,
				C158F66C2A5CA65400A9388C /* Release */,
			);
			defaultConfigurationIsVisible = 0;
			defaultConfigurationName = Release;
		};
		C158F66D2A5CA65400A9388C /* Build configuration list for PBXNativeTarget "ChefDelivery" */ = {
			isa = XCConfigurationList;
			buildConfigurations = (
				C158F66E2A5CA65400A9388C /* Debug */,
				C158F66F2A5CA65400A9388C /* Release */,
			);
			defaultConfigurationIsVisible = 0;
			defaultConfigurationName = Release;
		};
/* End XCConfigurationList section */
	};
	rootObject = C158F6572A5CA65200A9388C /* Project object */;
}
